
Microsoft Visual Studio Solution File, Format Version 12.00
# Visual Studio Version 17
VisualStudioVersion = 17.11.35312.102
MinimumVisualStudioVersion = 10.0.40219.1
Project("{FAE04EC0-301F-11D3-BF4B-00C04F79EFBC}") = "T3. PR1. Pràctica 1", "T3. PR1. Pràctica 1.csproj", "{8E71C3C0-2875-4494-929B-47C7538515A9}"
EndProject
Global
	GlobalSection(SolutionConfigurationPlatforms) = preSolution
		Debug|Any CPU = Debug|Any CPU
		Release|Any CPU = Release|Any CPU
	EndGlobalSection
	GlobalSection(ProjectConfigurationPlatforms) = postSolution
		{8E71C3C0-2875-4494-929B-47C7538515A9}.Debug|Any CPU.ActiveCfg = Debug|Any CPU
		{8E71C3C0-2875-4494-929B-47C7538515A9}.Debug|Any CPU.Build.0 = Debug|Any CPU
		{8E71C3C0-2875-4494-929B-47C7538515A9}.Release|Any CPU.ActiveCfg = Release|Any CPU
		{8E71C3C0-2875-4494-929B-47C7538515A9}.Release|Any CPU.Build.0 = Release|Any CPU
	EndGlobalSection
	GlobalSection(SolutionProperties) = preSolution
		HideSolutionNode = FALSE
	EndGlobalSection
	GlobalSection(ExtensibilityGlobals) = postSolution
		SolutionGuid = {952043EE-04CB-4D2F-8BBF-B4156A3666A6}
	EndGlobalSection
EndGlobal
